
Microsoft Visual Studio Solution File, Format Version 12.00
# Visual Studio Version 16
VisualStudioVersion = 16.0.29806.167
MinimumVisualStudioVersion = 10.0.40219.1
Project("{FAE04EC0-301F-11D3-BF4B-00C04F79EFBC}") = "TEST", "TEST\TEST.csproj", "{5B2FA972-C723-463F-94BF-F630D8AB5ED6}"
EndProject
Global
	GlobalSection(SolutionConfigurationPlatforms) = preSolution
		Debug|Any CPU = Debug|Any CPU
		Release|Any CPU = Release|Any CPU
	EndGlobalSection
	GlobalSection(ProjectConfigurationPlatforms) = postSolution
		{5B2FA972-C723-463F-94BF-F630D8AB5ED6}.Debug|Any CPU.ActiveCfg = Debug|Any CPU
		{5B2FA972-C723-463F-94BF-F630D8AB5ED6}.Debug|Any CPU.Build.0 = Debug|Any CPU
		{5B2FA972-C723-463F-94BF-F630D8AB5ED6}.Release|Any CPU.ActiveCfg = Release|Any CPU
		{5B2FA972-C723-463F-94BF-F630D8AB5ED6}.Release|Any CPU.Build.0 = Release|Any CPU
	EndGlobalSection
	GlobalSection(SolutionProperties) = preSolution
		HideSolutionNode = FALSE
	EndGlobalSection
	GlobalSection(ExtensibilityGlobals) = postSolution
		SolutionGuid = {F73054A3-0380-4EF7-9A51-3BA58AEA19E0}
	EndGlobalSection
EndGlobal
